# THIS IS AN AUTOGENERATED FILE. DO NOT EDIT THIS FILE DIRECTLY.
# yarn lockfile v1


"@rails/actioncable@^7.2.100":
  version "7.2.100"
  resolved "https://registry.yarnpkg.com/@rails/actioncable/-/actioncable-7.2.100.tgz#86ec1c2e00c357cef1e421fd63863d5c34339ce8"
  integrity sha512-7xtIENf0Yw59AFDM3+xqxPCZxev3QVAqjPmUzmgsB9eL8S/zTpB0IU9srNc7XknzJI4e09XKNnCaJRx3gfYzXA==
